<?xml version="1.0" encoding="utf-8"?>
<Project ToolsVersion="4.0" xmlns="http://schemas.microsoft.com/developer/msbuild/2003">
  <ItemGroup>
    <Filter Include="Source Files">
      <UniqueIdentifier>{4FC737F1-C7A5-4376-A066-2A32D752A2FF}</UniqueIdentifier>
      <Extensions>cpp;c;cc;cxx;def;odl;idl;hpj;bat;asm;asmx</Extensions>
    </Filter>
    <Filter Include="Header Files">
      <UniqueIdentifier>{93995380-89BD-4b04-88EB-625FBE52EBFB}</UniqueIdentifier>
      <Extensions>h;hh;hpp;hxx;hm;inl;inc;xsd</Extensions>
    </Filter>
    <Filter Include="Resource Files">
      <UniqueIdentifier>{67DA6AB6-F800-4c08-8B7A-83BB121AAD01}</UniqueIdentifier>
      <Extensions>rc;ico;cur;bmp;dlg;rc2;rct;bin;rgs;gif;jpg;jpeg;jpe;resx;tiff;tif;png;wav;mfcribbon-ms</Extensions>
    </Filter>
    <Filter Include="Source Files\Viewports">
      <UniqueIdentifier>{d061b6de-cf48-4511-9116-b6a45bcb38eb}</UniqueIdentifier>
    </Filter>
    <Filter Include="Source Files\Box">
      <UniqueIdentifier>{c8c9b7dd-f310-4124-afc9-e77a7888c87e}</UniqueIdentifier>
    </Filter>
    <Filter Include="Header Files\Box">
      <UniqueIdentifier>{730748cb-abf7-46d9-9ae8-f7d68dd9963b}</UniqueIdentifier>
    </Filter>
  </ItemGroup>
  <ItemGroup>
    <Text Include="ReadMe.txt" />
  </ItemGroup>
  <ItemGroup>
    <ClInclude Include="stdafx.h">
      <Filter>Header Files</Filter>
    </ClInclude>
    <ClInclude Include="targetver.h">
      <Filter>Header Files</Filter>
    </ClInclude>
    <ClInclude Include="Resource.h">
      <Filter>Header Files</Filter>
    </ClInclude>
    <ClInclude Include="WaveformWindow.h">
      <Filter>Header Files</Filter>
    </ClInclude>
    <ClInclude Include="PlainView.h">
      <Filter>Header Files</Filter>
    </ClInclude>
    <ClInclude Include="basetype.h">
      <Filter>Header Files</Filter>
    </ClInclude>
    <ClInclude Include="Utility.h">
      <Filter>Header Files</Filter>
    </ClInclude>
    <ClInclude Include="FFT.h">
      <Filter>Header Files\Box</Filter>
    </ClInclude>
    <ClInclude Include="Draw.h">
      <Filter>Header Files\Box</Filter>
    </ClInclude>
    <ClInclude Include="Playback.h">
      <Filter>Header Files\Box</Filter>
    </ClInclude>
    <ClInclude Include="Waveform.h">
      <Filter>Header Files\Box</Filter>
    </ClInclude>
  </ItemGroup>
  <ItemGroup>
    <ClCompile Include="stdafx.cpp">
      <Filter>Source Files</Filter>
    </ClCompile>
    <ClCompile Include="WaveformWindow.cpp">
      <Filter>Source Files</Filter>
    </ClCompile>
    <ClCompile Include="PlainView.cpp">
      <Filter>Source Files</Filter>
    </ClCompile>
    <ClCompile Include="Utility.cpp">
      <Filter>Source Files</Filter>
    </ClCompile>
    <ClCompile Include="FFTViewport.cpp">
      <Filter>Source Files\Viewports</Filter>
    </ClCompile>
    <ClCompile Include="Waveform.cpp">
      <Filter>Source Files\Box</Filter>
    </ClCompile>
    <ClCompile Include="FFT.cpp">
      <Filter>Source Files\Box</Filter>
    </ClCompile>
    <ClCompile Include="Draw.cpp">
      <Filter>Source Files\Box</Filter>
    </ClCompile>
    <ClCompile Include="Playback.cpp">
      <Filter>Source Files\Box</Filter>
    </ClCompile>
    <ClCompile Include="Dialogs.cpp">
      <Filter>Source Files</Filter>
    </ClCompile>
    <ClCompile Include="PartialWaveViewport.cpp">
      <Filter>Source Files\Viewports</Filter>
    </ClCompile>
    <ClCompile Include="WindowAgent.cpp">
      <Filter>Source Files</Filter>
    </ClCompile>
    <ClCompile Include="IndicatorViewport.cpp">
      <Filter>Source Files\Viewports</Filter>
    </ClCompile>
    <ClCompile Include="WaveViewport.cpp">
      <Filter>Source Files\Viewports</Filter>
    </ClCompile>
    <ClCompile Include="BufferedViewport.cpp">
      <Filter>Source Files</Filter>
    </ClCompile>
  </ItemGroup>
  <ItemGroup>
    <ResourceCompile Include="WaveformTest.rc">
      <Filter>Resource Files</Filter>
    </ResourceCompile>
  </ItemGroup>
  <ItemGroup>
    <Image Include="small.ico">
      <Filter>Resource Files</Filter>
    </Image>
    <Image Include="WaveformTest.ico">
      <Filter>Resource Files</Filter>
    </Image>
  </ItemGroup>
</Project>